
Microsoft Visual Studio Solution File, Format Version 12.00
# Visual Studio Version 16
VisualStudioVersion = 16.0.29215.179
MinimumVisualStudioVersion = 10.0.40219.1
Project("{FAE04EC0-301F-11D3-BF4B-00C04F79EFBC}") = "teste-git", "teste-git\teste-git.csproj", "{1F91BE06-A70E-4348-9FAD-D41DD771F222}"
EndProject
Global
	GlobalSection(SolutionConfigurationPlatforms) = preSolution
		Debug|Any CPU = Debug|Any CPU
		Release|Any CPU = Release|Any CPU
	EndGlobalSection
	GlobalSection(ProjectConfigurationPlatforms) = postSolution
		{1F91BE06-A70E-4348-9FAD-D41DD771F222}.Debug|Any CPU.ActiveCfg = Debug|Any CPU
		{1F91BE06-A70E-4348-9FAD-D41DD771F222}.Debug|Any CPU.Build.0 = Debug|Any CPU
		{1F91BE06-A70E-4348-9FAD-D41DD771F222}.Release|Any CPU.ActiveCfg = Release|Any CPU
		{1F91BE06-A70E-4348-9FAD-D41DD771F222}.Release|Any CPU.Build.0 = Release|Any CPU
	EndGlobalSection
	GlobalSection(SolutionProperties) = preSolution
		HideSolutionNode = FALSE
	EndGlobalSection
	GlobalSection(ExtensibilityGlobals) = postSolution
		SolutionGuid = {88F0BE4D-8C04-4132-8524-4187CEB0C727}
	EndGlobalSection
EndGlobal
